PODS:
  - Expecta (1.0.5)
  - Expecta+Snapshots (3.0.0):
    - Expecta (~> 1.0)
    - FBSnapshotTestCase/Core (~> 2.0)
    - Specta (~> 1.0)
  - FBSnapshotTestCase (2.1.2):
    - FBSnapshotTestCase/SwiftSupport (= 2.1.2)
  - FBSnapshotTestCase/Core (2.1.2)
  - FBSnapshotTestCase/SwiftSupport (2.1.2):
    - FBSnapshotTestCase/Core
  - Specta (1.0.5)
  - TCTimePicker (0.1.0)

DEPENDENCIES:
  - Expecta
  - Expecta+Snapshots
  - FBSnapshotTestCase
  - Specta
  - TCTimePicker (from `../`)

EXTERNAL SOURCES:
  TCTimePicker:
    :path: "../"

SPEC CHECKSUMS:
  Expecta: e1c022fcd33910b6be89c291d2775b3fe27a89fe
  Expecta+Snapshots: c343f410c7a6392f3e22e78f94c44b6c0749a516
  FBSnapshotTestCase: 918c55861356ee83aee7843d759f55a18ff6982b
  Specta: ac94d110b865115fe60ff2c6d7281053c6f8e8a2
  TCTimePicker: da2e56d6237aadd0edbd836fdaeaa960652bc5e4

PODFILE CHECKSUM: 6200ce08fd216e21524a96e7b884458c3a2940e0

COCOAPODS: 1.1.0.beta.1
